// !$*UTF8*$!
{
	archiveVersion = 1;
	classes = {
	};
	objectVersion = 46;
	objects = {

/* Begin PBXBuildFile section */
		5EBDB84E19385990004EACB9 /* Foundation.framework in Frameworks */ = {isa = PBXBuildFile; fileRef = 5EBDB84D19385990004EACB9 /* Foundation.framework */; };
		5EBDB85019385990004EACB9 /* CoreGraphics.framework in Frameworks */ = {isa = PBXBuildFile; fileRef = 5EBDB84F19385990004EACB9 /* CoreGraphics.framework */; };
		5EBDB85219385990004EACB9 /* UIKit.framework in Frameworks */ = {isa = PBXBuildFile; fileRef = 5EBDB85119385990004EACB9 /* UIKit.framework */; };
		5EBDB85819385990004EACB9 /* InfoPlist.strings in Resources */ = {isa = PBXBuildFile; fileRef = 5EBDB85619385990004EACB9 /* InfoPlist.strings */; };
		5EBDB85A19385990004EACB9 /* main.m in Sources */ = {isa = PBXBuildFile; fileRef = 5EBDB85919385990004EACB9 /* main.m */; };
		5EBDB85E19385990004EACB9 /* AppDelegate.m in Sources */ = {isa = PBXBuildFile; fileRef = 5EBDB85D19385990004EACB9 /* AppDelegate.m */; };
		5EBDB86119385990004EACB9 /* Main.storyboard in Resources */ = {isa = PBXBuildFile; fileRef = 5EBDB85F19385990004EACB9 /* Main.storyboard */; };
		5EBDB86419385990004EACB9 /* ViewController.m in Sources */ = {isa = PBXBuildFile; fileRef = 5EBDB86319385990004EACB9 /* ViewController.m */; };
		5EBDB86619385990004EACB9 /* Images.xcassets in Resources */ = {isa = PBXBuildFile; fileRef = 5EBDB86519385990004EACB9 /* Images.xcassets */; };
		5EBDB86D19385990004EACB9 /* XCTest.framework in Frameworks */ = {isa = PBXBuildFile; fileRef = 5EBDB86C19385990004EACB9 /* XCTest.framework */; };
		5EBDB86E19385990004EACB9 /* Foundation.framework in Frameworks */ = {isa = PBXBuildFile; fileRef = 5EBDB84D19385990004EACB9 /* Foundation.framework */; };
		5EBDB86F19385990004EACB9 /* UIKit.framework in Frameworks */ = {isa = PBXBuildFile; fileRef = 5EBDB85119385990004EACB9 /* UIKit.framework */; };
		5EBDB87719385990004EACB9 /* InfoPlist.strings in Resources */ = {isa = PBXBuildFile; fileRef = 5EBDB87519385990004EACB9 /* InfoPlist.strings */; };
		5EBDB87919385990004EACB9 /* TestProd1Tests.m in Sources */ = {isa = PBXBuildFile; fileRef = 5EBDB87819385990004EACB9 /* TestProd1Tests.m */; };
/* End PBXBuildFile section */

/* Begin PBXContainerItemProxy section */
		5EBDB87019385990004EACB9 /* PBXContainerItemProxy */ = {
			isa = PBXContainerItemProxy;
			containerPortal = 5EBDB84219385990004EACB9 /* Project object */;
			proxyType = 1;
			remoteGlobalIDString = 5EBDB84919385990004EACB9;
			remoteInfo = TestProd1;
		};
/* End PBXContainerItemProxy section */

/* Begin PBXFileReference section */
		5EBDB84A19385990004EACB9 /* TestProd1.app */ = {isa = PBXFileReference; explicitFileType = wrapper.application; includeInIndex = 0; path = TestProd1.app; sourceTree = BUILT_PRODUCTS_DIR; };
		5EBDB84D19385990004EACB9 /* Foundation.framework */ = {isa = PBXFileReference; lastKnownFileType = wrapper.framework; name = Foundation.framework; path = System/Library/Frameworks/Foundation.framework; sourceTree = SDKROOT; };
		5EBDB84F19385990004EACB9 /* CoreGraphics.framework */ = {isa = PBXFileReference; lastKnownFileType = wrapper.framework; name = CoreGraphics.framework; path = System/Library/Frameworks/CoreGraphics.framework; sourceTree = SDKROOT; };
		5EBDB85119385990004EACB9 /* UIKit.framework */ = {isa = PBXFileReference; lastKnownFileType = wrapper.framework; name = UIKit.framework; path = System/Library/Frameworks/UIKit.framework; sourceTree = SDKROOT; };
		5EBDB85519385990004EACB9 /* TestProd1-Info.plist */ = {isa = PBXFileReference; lastKnownFileType = text.plist.xml; path = "TestProd1-Info.plist"; sourceTree = "<group>"; };
		5EBDB85719385990004EACB9 /* en */ = {isa = PBXFileReference; lastKnownFileType = text.plist.strings; name = en; path = en.lproj/InfoPlist.strings; sourceTree = "<group>"; };
		5EBDB85919385990004EACB9 /* main.m */ = {isa = PBXFileReference; lastKnownFileType = sourcecode.c.objc; path = main.m; sourceTree = "<group>"; };
		5EBDB85B19385990004EACB9 /* TestProd1-Prefix.pch */ = {isa = PBXFileReference; lastKnownFileType = sourcecode.c.h; path = "TestProd1-Prefix.pch"; sourceTree = "<group>"; };
		5EBDB85C19385990004EACB9 /* AppDelegate.h */ = {isa = PBXFileReference; lastKnownFileType = sourcecode.c.h; path = AppDelegate.h; sourceTree = "<group>"; };
		5EBDB85D19385990004EACB9 /* AppDelegate.m */ = {isa = PBXFileReference; lastKnownFileType = sourcecode.c.objc; path = AppDelegate.m; sourceTree = "<group>"; };
		5EBDB86019385990004EACB9 /* Base */ = {isa = PBXFileReference; lastKnownFileType = file.storyboard; name = Base; path = Base.lproj/Main.storyboard; sourceTree = "<group>"; };
		5EBDB86219385990004EACB9 /* ViewController.h */ = {isa = PBXFileReference; lastKnownFileType = sourcecode.c.h; path = ViewController.h; sourceTree = "<group>"; };
		5EBDB86319385990004EACB9 /* ViewController.m */ = {isa = PBXFileReference; lastKnownFileType = sourcecode.c.objc; path = ViewController.m; sourceTree = "<group>"; };
		5EBDB86519385990004EACB9 /* Images.xcassets */ = {isa = PBXFileReference; lastKnownFileType = folder.assetcatalog; path = Images.xcassets; sourceTree = "<group>"; };
		5EBDB86B19385990004EACB9 /* TestProd1Tests.xctest */ = {isa = PBXFileReference; explicitFileType = wrapper.cfbundle; includeInIndex = 0; path = TestProd1Tests.xctest; sourceTree = BUILT_PRODUCTS_DIR; };
		5EBDB86C19385990004EACB9 /* XCTest.framework */ = {isa = PBXFileReference; lastKnownFileType = wrapper.framework; name = XCTest.framework; path = Library/Frameworks/XCTest.framework; sourceTree = DEVELOPER_DIR; };
		5EBDB87419385990004EACB9 /* TestProd1Tests-Info.plist */ = {isa = PBXFileReference; lastKnownFileType = text.plist.xml; path = "TestProd1Tests-Info.plist"; sourceTree = "<group>"; };
		5EBDB87619385990004EACB9 /* en */ = {isa = PBXFileReference; lastKnownFileType = text.plist.strings; name = en; path = en.lproj/InfoPlist.strings; sourceTree = "<group>"; };
		5EBDB87819385990004EACB9 /* TestProd1Tests.m */ = {isa = PBXFileReference; lastKnownFileType = sourcecode.c.objc; path = TestProd1Tests.m; sourceTree = "<group>"; };
/* End PBXFileReference section */

/* Begin PBXFrameworksBuildPhase section */
		5EBDB84719385990004EACB9 /* Frameworks */ = {
			isa = PBXFrameworksBuildPhase;
			buildActionMask = 2147483647;
			files = (
				5EBDB85019385990004EACB9 /* CoreGraphics.framework in Frameworks */,
				5EBDB85219385990004EACB9 /* UIKit.framework in Frameworks */,
				5EBDB84E19385990004EACB9 /* Foundation.framework in Frameworks */,
			);
			runOnlyForDeploymentPostprocessing = 0;
		};
		5EBDB86819385990004EACB9 /* Frameworks */ = {
			isa = PBXFrameworksBuildPhase;
			buildActionMask = 2147483647;
			files = (
				5EBDB86D19385990004EACB9 /* XCTest.framework in Frameworks */,
				5EBDB86F19385990004EACB9 /* UIKit.framework in Frameworks */,
				5EBDB86E19385990004EACB9 /* Foundation.framework in Frameworks */,
			);
			runOnlyForDeploymentPostprocessing = 0;
		};
/* End PBXFrameworksBuildPhase section */

/* Begin PBXGroup section */
		5EBDB84119385990004EACB9 = {
			isa = PBXGroup;
			children = (
				5EBDB85319385990004EACB9 /* TestProd1 */,
				5EBDB87219385990004EACB9 /* TestProd1Tests */,
				5EBDB84C19385990004EACB9 /* Frameworks */,
				5EBDB84B19385990004EACB9 /* Products */,
			);
			sourceTree = "<group>";
		};
		5EBDB84B19385990004EACB9 /* Products */ = {
			isa = PBXGroup;
			children = (
				5EBDB84A19385990004EACB9 /* TestProd1.app */,
				5EBDB86B19385990004EACB9 /* TestProd1Tests.xctest */,
			);
			name = Products;
			sourceTree = "<group>";
		};
		5EBDB84C19385990004EACB9 /* Frameworks */ = {
			isa = PBXGroup;
			children = (
				5EBDB84D19385990004EACB9 /* Foundation.framework */,
				5EBDB84F19385990004EACB9 /* CoreGraphics.framework */,
				5EBDB85119385990004EACB9 /* UIKit.framework */,
				5EBDB86C19385990004EACB9 /* XCTest.framework */,
			);
			name = Frameworks;
			sourceTree = "<group>";
		};
		5EBDB85319385990004EACB9 /* TestProd1 */ = {
			isa = PBXGroup;
			children = (
				5EBDB85C19385990004EACB9 /* AppDelegate.h */,
				5EBDB85D19385990004EACB9 /* AppDelegate.m */,
				5EBDB85F19385990004EACB9 /* Main.storyboard */,
				5EBDB86219385990004EACB9 /* ViewController.h */,
				5EBDB86319385990004EACB9 /* ViewController.m */,
				5EBDB86519385990004EACB9 /* Images.xcassets */,
				5EBDB85419385990004EACB9 /* Supporting Files */,
			);
			path = TestProd1;
			sourceTree = "<group>";
		};
		5EBDB85419385990004EACB9 /* Supporting Files */ = {
			isa = PBXGroup;
			children = (
				5EBDB85519385990004EACB9 /* TestProd1-Info.plist */,
				5EBDB85619385990004EACB9 /* InfoPlist.strings */,
				5EBDB85919385990004EACB9 /* main.m */,
				5EBDB85B19385990004EACB9 /* TestProd1-Prefix.pch */,
			);
			name = "Supporting Files";
			sourceTree = "<group>";
		};
		5EBDB87219385990004EACB9 /* TestProd1Tests */ = {
			isa = PBXGroup;
			children = (
				5EBDB87819385990004EACB9 /* TestProd1Tests.m */,
				5EBDB87319385990004EACB9 /* Supporting Files */,
			);
			path = TestProd1Tests;
			sourceTree = "<group>";
		};
		5EBDB87319385990004EACB9 /* Supporting Files */ = {
			isa = PBXGroup;
			children = (
				5EBDB87419385990004EACB9 /* TestProd1Tests-Info.plist */,
				5EBDB87519385990004EACB9 /* InfoPlist.strings */,
			);
			name = "Supporting Files";
			sourceTree = "<group>";
		};
/* End PBXGroup section */

/* Begin PBXNativeTarget section */
		5EBDB84919385990004EACB9 /* TestProd1 */ = {
			isa = PBXNativeTarget;
			buildConfigurationList = 5EBDB87C19385990004EACB9 /* Build configuration list for PBXNativeTarget "TestProd1" */;
			buildPhases = (
				5EBDB84619385990004EACB9 /* Sources */,
				5EBDB84719385990004EACB9 /* Frameworks */,
				5EBDB84819385990004EACB9 /* Resources */,
			);
			buildRules = (
			);
			dependencies = (
			);
			name = TestProd1;
			productName = TestProd1;
			productReference = 5EBDB84A19385990004EACB9 /* TestProd1.app */;
			productType = "com.apple.product-type.application";
		};
		5EBDB86A19385990004EACB9 /* TestProd1Tests */ = {
			isa = PBXNativeTarget;
			buildConfigurationList = 5EBDB87F19385990004EACB9 /* Build configuration list for PBXNativeTarget "TestProd1Tests" */;
			buildPhases = (
				5EBDB86719385990004EACB9 /* Sources */,
				5EBDB86819385990004EACB9 /* Frameworks */,
				5EBDB86919385990004EACB9 /* Resources */,
			);
			buildRules = (
			);
			dependencies = (
				5EBDB87119385990004EACB9 /* PBXTargetDependency */,
			);
			name = TestProd1Tests;
			productName = TestProd1Tests;
			productReference = 5EBDB86B19385990004EACB9 /* TestProd1Tests.xctest */;
			productType = "com.apple.product-type.bundle.unit-test";
		};
/* End PBXNativeTarget section */

/* Begin PBXProject section */
		5EBDB84219385990004EACB9 /* Project object */ = {
			isa = PBXProject;
			attributes = {
				LastUpgradeCheck = 0510;
				ORGANIZATIONNAME = Yiorgos;
				TargetAttributes = {
					5EBDB86A19385990004EACB9 = {
						TestTargetID = 5EBDB84919385990004EACB9;
					};
				};
			};
			buildConfigurationList = 5EBDB84519385990004EACB9 /* Build configuration list for PBXProject "TestProd1" */;
			compatibilityVersion = "Xcode 3.2";
			developmentRegion = English;
			hasScannedForEncodings = 0;
			knownRegions = (
				en,
				Base,
			);
			mainGroup = 5EBDB84119385990004EACB9;
			productRefGroup = 5EBDB84B19385990004EACB9 /* Products */;
			projectDirPath = "";
			projectRoot = "";
			targets = (
				5EBDB84919385990004EACB9 /* TestProd1 */,
				5EBDB86A19385990004EACB9 /* TestProd1Tests */,
			);
		};
/* End PBXProject section */

/* Begin PBXResourcesBuildPhase section */
		5EBDB84819385990004EACB9 /* Resources */ = {
			isa = PBXResourcesBuildPhase;
			buildActionMask = 2147483647;
			files = (
				5EBDB86619385990004EACB9 /* Images.xcassets in Resources */,
				5EBDB85819385990004EACB9 /* InfoPlist.strings in Resources */,
				5EBDB86119385990004EACB9 /* Main.storyboard in Resources */,
			);
			runOnlyForDeploymentPostprocessing = 0;
		};
		5EBDB86919385990004EACB9 /* Resources */ = {
			isa = PBXResourcesBuildPhase;
			buildActionMask = 2147483647;
			files = (
				5EBDB87719385990004EACB9 /* InfoPlist.strings in Resources */,
			);
			runOnlyForDeploymentPostprocessing = 0;
		};
/* End PBXResourcesBuildPhase section */

/* Begin PBXSourcesBuildPhase section */
		5EBDB84619385990004EACB9 /* Sources */ = {
			isa = PBXSourcesBuildPhase;
			buildActionMask = 2147483647;
			files = (
				5EBDB86419385990004EACB9 /* ViewController.m in Sources */,
				5EBDB85E19385990004EACB9 /* AppDelegate.m in Sources */,
				5EBDB85A19385990004EACB9 /* main.m in Sources */,
			);
			runOnlyForDeploymentPostprocessing = 0;
		};
		5EBDB86719385990004EACB9 /* Sources */ = {
			isa = PBXSourcesBuildPhase;
			buildActionMask = 2147483647;
			files = (
				5EBDB87919385990004EACB9 /* TestProd1Tests.m in Sources */,
			);
			runOnlyForDeploymentPostprocessing = 0;
		};
/* End PBXSourcesBuildPhase section */

/* Begin PBXTargetDependency section */
		5EBDB87119385990004EACB9 /* PBXTargetDependency */ = {
			isa = PBXTargetDependency;
			target = 5EBDB84919385990004EACB9 /* TestProd1 */;
			targetProxy = 5EBDB87019385990004EACB9 /* PBXContainerItemProxy */;
		};
/* End PBXTargetDependency section */

/* Begin PBXVariantGroup section */
		5EBDB85619385990004EACB9 /* InfoPlist.strings */ = {
			isa = PBXVariantGroup;
			children = (
				5EBDB85719385990004EACB9 /* en */,
			);
			name = InfoPlist.strings;
			sourceTree = "<group>";
		};
		5EBDB85F19385990004EACB9 /* Main.storyboard */ = {
			isa = PBXVariantGroup;
			children = (
				5EBDB86019385990004EACB9 /* Base */,
			);
			name = Main.storyboard;
			sourceTree = "<group>";
		};
		5EBDB87519385990004EACB9 /* InfoPlist.strings */ = {
			isa = PBXVariantGroup;
			children = (
				5EBDB87619385990004EACB9 /* en */,
			);
			name = InfoPlist.strings;
			sourceTree = "<group>";
		};
/* End PBXVariantGroup section */

/* Begin XCBuildConfiguration section */
		5EBDB87A19385990004EACB9 /* Debug */ = {
			isa = XCBuildConfiguration;
			buildSettings = {
				ALWAYS_SEARCH_USER_PATHS = NO;
				CLANG_CXX_LANGUAGE_STANDARD = "gnu++0x";
				CLANG_CXX_LIBRARY = "libc++";
				CLANG_ENABLE_MODULES = YES;
				CLANG_ENABLE_OBJC_ARC = YES;
				CLANG_WARN_BOOL_CONVERSION = YES;
				CLANG_WARN_CONSTANT_CONVERSION = YES;
				CLANG_WARN_DIRECT_OBJC_ISA_USAGE = YES_ERROR;
				CLANG_WARN_EMPTY_BODY = YES;
				CLANG_WARN_ENUM_CONVERSION = YES;
				CLANG_WARN_INT_CONVERSION = YES;
				CLANG_WARN_OBJC_ROOT_CLASS = YES_ERROR;
				CLANG_WARN__DUPLICATE_METHOD_MATCH = YES;
				"CODE_SIGN_IDENTITY[sdk=iphoneos*]" = "iPhone Developer";
				COPY_PHASE_STRIP = NO;
				GCC_C_LANGUAGE_STANDARD = gnu99;
				GCC_DYNAMIC_NO_PIC = NO;
				GCC_OPTIMIZATION_LEVEL = 0;
				GCC_PREPROCESSOR_DEFINITIONS = (
					"DEBUG=1",
					"$(inherited)",
				);
				GCC_SYMBOLS_PRIVATE_EXTERN = NO;
				GCC_WARN_64_TO_32_BIT_CONVERSION = YES;
				GCC_WARN_ABOUT_RETURN_TYPE = YES_ERROR;
				GCC_WARN_UNDECLARED_SELECTOR = YES;
				GCC_WARN_UNINITIALIZED_AUTOS = YES_AGGRESSIVE;
				GCC_WARN_UNUSED_FUNCTION = YES;
				GCC_WARN_UNUSED_VARIABLE = YES;
				IPHONEOS_DEPLOYMENT_TARGET = 7.1;
				ONLY_ACTIVE_ARCH = YES;
				SDKROOT = iphoneos;
			};
			name = Debug;
		};
		5EBDB87B19385990004EACB9 /* Release */ = {
			isa = XCBuildConfiguration;
			buildSettings = {
				ALWAYS_SEARCH_USER_PATHS = NO;
				CLANG_CXX_LANGUAGE_STANDARD = "gnu++0x";
				CLANG_CXX_LIBRARY = "libc++";
				CLANG_ENABLE_MODULES = YES;
				CLANG_ENABLE_OBJC_ARC = YES;
				CLANG_WARN_BOOL_CONVERSION = YES;
				CLANG_WARN_CONSTANT_CONVERSION = YES;
				CLANG_WARN_DIRECT_OBJC_ISA_USAGE = YES_ERROR;
				CLANG_WARN_EMPTY_BODY = YES;
				CLANG_WARN_ENUM_CONVERSION = YES;
				CLANG_WARN_INT_CONVERSION = YES;
				CLANG_WARN_OBJC_ROOT_CLASS = YES_ERROR;
				CLANG_WARN__DUPLICATE_METHOD_MATCH = YES;
				"CODE_SIGN_IDENTITY[sdk=iphoneos*]" = "iPhone Developer";
				COPY_PHASE_STRIP = YES;
				ENABLE_NS_ASSERTIONS = NO;
				GCC_C_LANGUAGE_STANDARD = gnu99;
				GCC_WARN_64_TO_32_BIT_CONVERSION = YES;
				GCC_WARN_ABOUT_RETURN_TYPE = YES_ERROR;
				GCC_WARN_UNDECLARED_SELECTOR = YES;
				GCC_WARN_UNINITIALIZED_AUTOS = YES_AGGRESSIVE;
				GCC_WARN_UNUSED_FUNCTION = YES;
				GCC_WARN_UNUSED_VARIABLE = YES;
				IPHONEOS_DEPLOYMENT_TARGET = 7.1;
				SDKROOT = iphoneos;
				VALIDATE_PRODUCT = YES;
			};
			name = Release;
		};
		5EBDB87D19385990004EACB9 /* Debug */ = {
			isa = XCBuildConfiguration;
			buildSettings = {
				ASSETCATALOG_COMPILER_APPICON_NAME = AppIcon;
				ASSETCATALOG_COMPILER_LAUNCHIMAGE_NAME = LaunchImage;
				GCC_PRECOMPILE_PREFIX_HEADER = YES;
				GCC_PREFIX_HEADER = "TestProd1/TestProd1-Prefix.pch";
				INFOPLIST_FILE = "TestProd1/TestProd1-Info.plist";
				PRODUCT_NAME = "$(TARGET_NAME)";
				WRAPPER_EXTENSION = app;
			};
			name = Debug;
		};
		5EBDB87E19385990004EACB9 /* Release */ = {
			isa = XCBuildConfiguration;
			buildSettings = {
				ASSETCATALOG_COMPILER_APPICON_NAME = AppIcon;
				ASSETCATALOG_COMPILER_LAUNCHIMAGE_NAME = LaunchImage;
				GCC_PRECOMPILE_PREFIX_HEADER = YES;
				GCC_PREFIX_HEADER = "TestProd1/TestProd1-Prefix.pch";
				INFOPLIST_FILE = "TestProd1/TestProd1-Info.plist";
				PRODUCT_NAME = "$(TARGET_NAME)";
				WRAPPER_EXTENSION = app;
			};
			name = Release;
		};
		5EBDB88019385990004EACB9 /* Debug */ = {
			isa = XCBuildConfiguration;
			buildSettings = {
				BUNDLE_LOADER = "$(BUILT_PRODUCTS_DIR)/TestProd1.app/TestProd1";
				FRAMEWORK_SEARCH_PATHS = (
					"$(SDKROOT)/Developer/Library/Frameworks",
					"$(inherited)",
					"$(DEVELOPER_FRAMEWORKS_DIR)",
				);
				GCC_PRECOMPILE_PREFIX_HEADER = YES;
				GCC_PREFIX_HEADER = "TestProd1/TestProd1-Prefix.pch";
				GCC_PREPROCESSOR_DEFINITIONS = (
					"DEBUG=1",
					"$(inherited)",
				);
				INFOPLIST_FILE = "TestProd1Tests/TestProd1Tests-Info.plist";
				PRODUCT_NAME = "$(TARGET_NAME)";
				TEST_HOST = "$(BUNDLE_LOADER)";
				WRAPPER_EXTENSION = xctest;
			};
			name = Debug;
		};
		5EBDB88119385990004EACB9 /* Release */ = {
			isa = XCBuildConfiguration;
			buildSettings = {
				BUNDLE_LOADER = "$(BUILT_PRODUCTS_DIR)/TestProd1.app/TestProd1";
				FRAMEWORK_SEARCH_PATHS = (
					"$(SDKROOT)/Developer/Library/Frameworks",
					"$(inherited)",
					"$(DEVELOPER_FRAMEWORKS_DIR)",
				);
				GCC_PRECOMPILE_PREFIX_HEADER = YES;
				GCC_PREFIX_HEADER = "TestProd1/TestProd1-Prefix.pch";
				INFOPLIST_FILE = "TestProd1Tests/TestProd1Tests-Info.plist";
				PRODUCT_NAME = "$(TARGET_NAME)";
				TEST_HOST = "$(BUNDLE_LOADER)";
				WRAPPER_EXTENSION = xctest;
			};
			name = Release;
		};
/* End XCBuildConfiguration section */

/* Begin XCConfigurationList section */
		5EBDB84519385990004EACB9 /* Build configuration list for PBXProject "TestProd1" */ = {
			isa = XCConfigurationList;
			buildConfigurations = (
				5EBDB87A19385990004EACB9 /* Debug */,
				5EBDB87B19385990004EACB9 /* Release */,
			);
			defaultConfigurationIsVisible = 0;
			defaultConfigurationName = Release;
		};
		5EBDB87C19385990004EACB9 /* Build configuration list for PBXNativeTarget "TestProd1" */ = {
			isa = XCConfigurationList;
			buildConfigurations = (
				5EBDB87D19385990004EACB9 /* Debug */,
				5EBDB87E19385990004EACB9 /* Release */,
			);
			defaultConfigurationIsVisible = 0;
		};
		5EBDB87F19385990004EACB9 /* Build configuration list for PBXNativeTarget "TestProd1Tests" */ = {
			isa = XCConfigurationList;
			buildConfigurations = (
				5EBDB88019385990004EACB9 /* Debug */,
				5EBDB88119385990004EACB9 /* Release */,
			);
			defaultConfigurationIsVisible = 0;
		};
/* End XCConfigurationList section */
	};
	rootObject = 5EBDB84219385990004EACB9 /* Project object */;
}
